
Microsoft Visual Studio Solution File, Format Version 12.00
# Visual Studio Version 16
VisualStudioVersion = 16.6.30114.105
MinimumVisualStudioVersion = 10.0.40219.1
Project("{FAE04EC0-301F-11D3-BF4B-00C04F79EFBC}") = "Open311API", "Open311API\Open311API.csproj", "{726C5FC2-BDBB-467C-972D-58E30D6683AE}"
EndProject
Project("{FAE04EC0-301F-11D3-BF4B-00C04F79EFBC}") = "Open311Sample", "Open311Sample\Open311Sample.csproj", "{0681C765-8512-4347-B73D-9B32EDA38362}"
EndProject
Global
	GlobalSection(SolutionConfigurationPlatforms) = preSolution
		Debug|Any CPU = Debug|Any CPU
		Debug|x64 = Debug|x64
		Debug|x86 = Debug|x86
		Release|Any CPU = Release|Any CPU
		Release|x64 = Release|x64
		Release|x86 = Release|x86
	EndGlobalSection
	GlobalSection(SolutionProperties) = preSolution
		HideSolutionNode = FALSE
	EndGlobalSection
	GlobalSection(ProjectConfigurationPlatforms) = postSolution
		{726C5FC2-BDBB-467C-972D-58E30D6683AE}.Debug|Any CPU.ActiveCfg = Debug|Any CPU
		{726C5FC2-BDBB-467C-972D-58E30D6683AE}.Debug|Any CPU.Build.0 = Debug|Any CPU
		{726C5FC2-BDBB-467C-972D-58E30D6683AE}.Debug|x64.ActiveCfg = Debug|Any CPU
		{726C5FC2-BDBB-467C-972D-58E30D6683AE}.Debug|x64.Build.0 = Debug|Any CPU
		{726C5FC2-BDBB-467C-972D-58E30D6683AE}.Debug|x86.ActiveCfg = Debug|Any CPU
		{726C5FC2-BDBB-467C-972D-58E30D6683AE}.Debug|x86.Build.0 = Debug|Any CPU
		{726C5FC2-BDBB-467C-972D-58E30D6683AE}.Release|Any CPU.ActiveCfg = Release|Any CPU
		{726C5FC2-BDBB-467C-972D-58E30D6683AE}.Release|Any CPU.Build.0 = Release|Any CPU
		{726C5FC2-BDBB-467C-972D-58E30D6683AE}.Release|x64.ActiveCfg = Release|Any CPU
		{726C5FC2-BDBB-467C-972D-58E30D6683AE}.Release|x64.Build.0 = Release|Any CPU
		{726C5FC2-BDBB-467C-972D-58E30D6683AE}.Release|x86.ActiveCfg = Release|Any CPU
		{726C5FC2-BDBB-467C-972D-58E30D6683AE}.Release|x86.Build.0 = Release|Any CPU
		{0681C765-8512-4347-B73D-9B32EDA38362}.Debug|Any CPU.ActiveCfg = Debug|Any CPU
		{0681C765-8512-4347-B73D-9B32EDA38362}.Debug|Any CPU.Build.0 = Debug|Any CPU
		{0681C765-8512-4347-B73D-9B32EDA38362}.Debug|x64.ActiveCfg = Debug|Any CPU
		{0681C765-8512-4347-B73D-9B32EDA38362}.Debug|x64.Build.0 = Debug|Any CPU
		{0681C765-8512-4347-B73D-9B32EDA38362}.Debug|x86.ActiveCfg = Debug|Any CPU
		{0681C765-8512-4347-B73D-9B32EDA38362}.Debug|x86.Build.0 = Debug|Any CPU
		{0681C765-8512-4347-B73D-9B32EDA38362}.Release|Any CPU.ActiveCfg = Release|Any CPU
		{0681C765-8512-4347-B73D-9B32EDA38362}.Release|Any CPU.Build.0 = Release|Any CPU
		{0681C765-8512-4347-B73D-9B32EDA38362}.Release|x64.ActiveCfg = Release|Any CPU
		{0681C765-8512-4347-B73D-9B32EDA38362}.Release|x64.Build.0 = Release|Any CPU
		{0681C765-8512-4347-B73D-9B32EDA38362}.Release|x86.ActiveCfg = Release|Any CPU
		{0681C765-8512-4347-B73D-9B32EDA38362}.Release|x86.Build.0 = Release|Any CPU
	EndGlobalSection
EndGlobal
